{
  "name": "soso",
  "version": "0.0.1",
  "lockfileVersion": 1,
  "requires": true,
  "dependencies": {
    "lit-element": {
      "version": "2.1.0",
      "resolved": "https://registry.npmjs.org/lit-element/-/lit-element-2.1.0.tgz",
      "integrity": "sha512-0z/KHm1xZweivfOVRr8AKR06+D3k02u15m9s4jkuRdnGe5wfmEwePzrQQBsSZNILdnfJvfo3TJOeGhBCVZaPbw==",
      "dev": true,
      "requires": {
        "lit-html": "^1.0.0"
      }
    },
    "lit-html": {
      "version": "1.0.0",
      "resolved": "https://registry.npmjs.org/lit-html/-/lit-html-1.0.0.tgz",
      "integrity": "sha512-oeWlpLmBW3gFl7979Wol2LKITpmKTUFNn7PnFbh6YNynF61W74l6x5WhwItAwPRSATpexaX1egNnRzlN4GOtfQ==",
      "dev": true
    },
    "typescript": {
      "version": "3.4.1",
      "resolved": "https://registry.npmjs.org/typescript/-/typescript-3.4.1.tgz",
      "integrity": "sha512-3NSMb2VzDQm8oBTLH6Nj55VVtUEpe/rgkIzMir0qVoLyjDZlnMBva0U6vDiV3IH+sl/Yu6oP5QwsAQtHPmDd2Q==",
      "dev": true
    }
  }
}
